// !$*UTF8*$!
{
	archiveVersion = 1;
	classes = {
	};
	objectVersion = 46;
	objects = {

/* Begin PBXBuildFile section */
		B5B25C0E1C17E8BA00FE8646 /* main.m in Sources */ = {isa = PBXBuildFile; fileRef = B5B25C0D1C17E8BA00FE8646 /* main.m */; };
		B5B25C111C17E8BA00FE8646 /* AppDelegate.m in Sources */ = {isa = PBXBuildFile; fileRef = B5B25C101C17E8BA00FE8646 /* AppDelegate.m */; };
		B5B25C141C17E8BA00FE8646 /* ViewController.m in Sources */ = {isa = PBXBuildFile; fileRef = B5B25C131C17E8BA00FE8646 /* ViewController.m */; };
		B5B25C171C17E8BA00FE8646 /* Main.storyboard in Resources */ = {isa = PBXBuildFile; fileRef = B5B25C151C17E8BA00FE8646 /* Main.storyboard */; };
		B5B25C191C17E8BA00FE8646 /* Assets.xcassets in Resources */ = {isa = PBXBuildFile; fileRef = B5B25C181C17E8BA00FE8646 /* Assets.xcassets */; };
		B5B25C1C1C17E8BA00FE8646 /* LaunchScreen.storyboard in Resources */ = {isa = PBXBuildFile; fileRef = B5B25C1A1C17E8BA00FE8646 /* LaunchScreen.storyboard */; };
		B5B25C271C17E8BB00FE8646 /* iCocos_GitTests.m in Sources */ = {isa = PBXBuildFile; fileRef = B5B25C261C17E8BB00FE8646 /* iCocos_GitTests.m */; };
		B5B25C321C17E8BB00FE8646 /* iCocos_GitUITests.m in Sources */ = {isa = PBXBuildFile; fileRef = B5B25C311C17E8BB00FE8646 /* iCocos_GitUITests.m */; };
		B5B25C411C17F22D00FE8646 /* asdfsdTableViewController.m in Sources */ = {isa = PBXBuildFile; fileRef = B5B25C401C17F22D00FE8646 /* asdfsdTableViewController.m */; };
		B5B25C431C17F23600FE8646 /* asdfsad.m in Sources */ = {isa = PBXBuildFile; fileRef = B5B25C421C17F23600FE8646 /* asdfsad.m */; };
		B5B25C451C17F24000FE8646 /* asdfsd.m in Sources */ = {isa = PBXBuildFile; fileRef = B5B25C441C17F24000FE8646 /* asdfsd.m */; };
		B5B25C481C17F25800FE8646 /* Storyboard.storyboard in Resources */ = {isa = PBXBuildFile; fileRef = B5B25C471C17F25800FE8646 /* Storyboard.storyboard */; };
		B5B25C4A1C17F26100FE8646 /* dsa.plist in Resources */ = {isa = PBXBuildFile; fileRef = B5B25C491C17F26100FE8646 /* dsa.plist */; };
		B5B25C4D1C17F27900FE8646 /* Settings-Watch.bundle in Resources */ = {isa = PBXBuildFile; fileRef = B5B25C4C1C17F27900FE8646 /* Settings-Watch.bundle */; };
		B5B25C4F1C17F28500FE8646 /* View.xib in Resources */ = {isa = PBXBuildFile; fileRef = B5B25C4E1C17F28500FE8646 /* View.xib */; };
		B5B25C581C17F47A00FE8646 /* main.m in Sources */ = {isa = PBXBuildFile; fileRef = B5B25C571C17F47A00FE8646 /* main.m */; };
		B5B25C5B1C17F47A00FE8646 /* AppDelegate.m in Sources */ = {isa = PBXBuildFile; fileRef = B5B25C5A1C17F47A00FE8646 /* AppDelegate.m */; };
		B5B25C5E1C17F47A00FE8646 /* MasterViewController.m in Sources */ = {isa = PBXBuildFile; fileRef = B5B25C5D1C17F47A00FE8646 /* MasterViewController.m */; };
		B5B25C611C17F47A00FE8646 /* DetailViewController.m in Sources */ = {isa = PBXBuildFile; fileRef = B5B25C601C17F47A00FE8646 /* DetailViewController.m */; };
		B5B25C641C17F47A00FE8646 /* Main.storyboard in Resources */ = {isa = PBXBuildFile; fileRef = B5B25C621C17F47A00FE8646 /* Main.storyboard */; };
		B5B25C661C17F47A00FE8646 /* Assets.xcassets in Resources */ = {isa = PBXBuildFile; fileRef = B5B25C651C17F47A00FE8646 /* Assets.xcassets */; };
		B5B25C691C17F47A00FE8646 /* LaunchScreen.storyboard in Resources */ = {isa = PBXBuildFile; fileRef = B5B25C671C17F47A00FE8646 /* LaunchScreen.storyboard */; };
		B5B25C741C17F47A00FE8646 /* iosTests.m in Sources */ = {isa = PBXBuildFile; fileRef = B5B25C731C17F47A00FE8646 /* iosTests.m */; };
		B5B25C7F1C17F47B00FE8646 /* iosUITests.m in Sources */ = {isa = PBXBuildFile; fileRef = B5B25C7E1C17F47B00FE8646 /* iosUITests.m */; };
		B5B25C8B1C17F49900FE8646 /* SceneKit Scene.scn in Resources */ = {isa = PBXBuildFile; fileRef = B5B25C8A1C17F49900FE8646 /* SceneKit Scene.scn */; };
		B5B25C8D1C17F50A00FE8646 /* MyActions.sks in Resources */ = {isa = PBXBuildFile; fileRef = B5B25C8C1C17F50A00FE8646 /* MyActions.sks */; };
/* End PBXBuildFile section */

/* Begin PBXContainerItemProxy section */
		B5B25C231C17E8BB00FE8646 /* PBXContainerItemProxy */ = {
			isa = PBXContainerItemProxy;
			containerPortal = B5B25C011C17E8BA00FE8646 /* Project object */;
			proxyType = 1;
			remoteGlobalIDString = B5B25C081C17E8BA00FE8646;
			remoteInfo = "iCocos-Git";
		};
		B5B25C2E1C17E8BB00FE8646 /* PBXContainerItemProxy */ = {
			isa = PBXContainerItemProxy;
			containerPortal = B5B25C011C17E8BA00FE8646 /* Project object */;
			proxyType = 1;
			remoteGlobalIDString = B5B25C081C17E8BA00FE8646;
			remoteInfo = "iCocos-Git";
		};
		B5B25C701C17F47A00FE8646 /* PBXContainerItemProxy */ = {
			isa = PBXContainerItemProxy;
			containerPortal = B5B25C011C17E8BA00FE8646 /* Project object */;
			proxyType = 1;
			remoteGlobalIDString = B5B25C531C17F47A00FE8646;
			remoteInfo = ios;
		};
		B5B25C7B1C17F47B00FE8646 /* PBXContainerItemProxy */ = {
			isa = PBXContainerItemProxy;
			containerPortal = B5B25C011C17E8BA00FE8646 /* Project object */;
			proxyType = 1;
			remoteGlobalIDString = B5B25C531C17F47A00FE8646;
			remoteInfo = ios;
		};
/* End PBXContainerItemProxy section */

/* Begin PBXFileReference section */
		B5B25C091C17E8BA00FE8646 /* iCocos-Git.app */ = {isa = PBXFileReference; explicitFileType = wrapper.application; includeInIndex = 0; path = "iCocos-Git.app"; sourceTree = BUILT_PRODUCTS_DIR; };
		B5B25C0D1C17E8BA00FE8646 /* main.m */ = {isa = PBXFileReference; lastKnownFileType = sourcecode.c.objc; path = main.m; sourceTree = "<group>"; };
		B5B25C0F1C17E8BA00FE8646 /* AppDelegate.h */ = {isa = PBXFileReference; lastKnownFileType = sourcecode.c.h; path = AppDelegate.h; sourceTree = "<group>"; };
		B5B25C101C17E8BA00FE8646 /* AppDelegate.m */ = {isa = PBXFileReference; lastKnownFileType = sourcecode.c.objc; path = AppDelegate.m; sourceTree = "<group>"; };
		B5B25C121C17E8BA00FE8646 /* ViewController.h */ = {isa = PBXFileReference; lastKnownFileType = sourcecode.c.h; path = ViewController.h; sourceTree = "<group>"; };
		B5B25C131C17E8BA00FE8646 /* ViewController.m */ = {isa = PBXFileReference; lastKnownFileType = sourcecode.c.objc; path = ViewController.m; sourceTree = "<group>"; };
		B5B25C161C17E8BA00FE8646 /* Base */ = {isa = PBXFileReference; lastKnownFileType = file.storyboard; name = Base; path = Base.lproj/Main.storyboard; sourceTree = "<group>"; };
		B5B25C181C17E8BA00FE8646 /* Assets.xcassets */ = {isa = PBXFileReference; lastKnownFileType = folder.assetcatalog; path = Assets.xcassets; sourceTree = "<group>"; };
		B5B25C1B1C17E8BA00FE8646 /* Base */ = {isa = PBXFileReference; lastKnownFileType = file.storyboard; name = Base; path = Base.lproj/LaunchScreen.storyboard; sourceTree = "<group>"; };
		B5B25C1D1C17E8BA00FE8646 /* Info.plist */ = {isa = PBXFileReference; lastKnownFileType = text.plist.xml; path = Info.plist; sourceTree = "<group>"; };
		B5B25C221C17E8BB00FE8646 /* iCocos-GitTests.xctest */ = {isa = PBXFileReference; explicitFileType = wrapper.cfbundle; includeInIndex = 0; path = "iCocos-GitTests.xctest"; sourceTree = BUILT_PRODUCTS_DIR; };
		B5B25C261C17E8BB00FE8646 /* iCocos_GitTests.m */ = {isa = PBXFileReference; lastKnownFileType = sourcecode.c.objc; path = iCocos_GitTests.m; sourceTree = "<group>"; };
		B5B25C281C17E8BB00FE8646 /* Info.plist */ = {isa = PBXFileReference; lastKnownFileType = text.plist.xml; path = Info.plist; sourceTree = "<group>"; };
		B5B25C2D1C17E8BB00FE8646 /* iCocos-GitUITests.xctest */ = {isa = PBXFileReference; explicitFileType = wrapper.cfbundle; includeInIndex = 0; path = "iCocos-GitUITests.xctest"; sourceTree = BUILT_PRODUCTS_DIR; };
		B5B25C311C17E8BB00FE8646 /* iCocos_GitUITests.m */ = {isa = PBXFileReference; lastKnownFileType = sourcecode.c.objc; path = iCocos_GitUITests.m; sourceTree = "<group>"; };
		B5B25C331C17E8BB00FE8646 /* Info.plist */ = {isa = PBXFileReference; lastKnownFileType = text.plist.xml; path = Info.plist; sourceTree = "<group>"; };
		B5B25C3F1C17F22D00FE8646 /* asdfsdTableViewController.h */ = {isa = PBXFileReference; fileEncoding = 4; lastKnownFileType = sourcecode.c.h; path = asdfsdTableViewController.h; sourceTree = "<group>"; };
		B5B25C401C17F22D00FE8646 /* asdfsdTableViewController.m */ = {isa = PBXFileReference; fileEncoding = 4; lastKnownFileType = sourcecode.c.objc; path = asdfsdTableViewController.m; sourceTree = "<group>"; };
		B5B25C421C17F23600FE8646 /* asdfsad.m */ = {isa = PBXFileReference; fileEncoding = 4; lastKnownFileType = sourcecode.c.objc; path = asdfsad.m; sourceTree = "<group>"; };
		B5B25C441C17F24000FE8646 /* asdfsd.m */ = {isa = PBXFileReference; fileEncoding = 4; lastKnownFileType = sourcecode.c.objc; path = asdfsd.m; sourceTree = "<group>"; };
		B5B25C461C17F24700FE8646 /* asdf.playground */ = {isa = PBXFileReference; lastKnownFileType = file.playground; path = asdf.playground; sourceTree = "<group>"; };
		B5B25C471C17F25800FE8646 /* Storyboard.storyboard */ = {isa = PBXFileReference; fileEncoding = 4; lastKnownFileType = file.storyboard; path = Storyboard.storyboard; sourceTree = "<group>"; };
		B5B25C491C17F26100FE8646 /* dsa.plist */ = {isa = PBXFileReference; fileEncoding = 4; lastKnownFileType = text.plist.xml; path = dsa.plist; sourceTree = "<group>"; };
		B5B25C4B1C17F26A00FE8646 /* PrefixHeader.pch */ = {isa = PBXFileReference; lastKnownFileType = sourcecode.c.h; path = PrefixHeader.pch; sourceTree = "<group>"; };
		B5B25C4C1C17F27900FE8646 /* Settings-Watch.bundle */ = {isa = PBXFileReference; lastKnownFileType = "wrapper.plug-in"; path = "Settings-Watch.bundle"; sourceTree = "<group>"; };
		B5B25C4E1C17F28500FE8646 /* View.xib */ = {isa = PBXFileReference; fileEncoding = 4; lastKnownFileType = file.xib; path = View.xib; sourceTree = "<group>"; };
		B5B25C541C17F47A00FE8646 /* ios.app */ = {isa = PBXFileReference; explicitFileType = wrapper.application; includeInIndex = 0; path = ios.app; sourceTree = BUILT_PRODUCTS_DIR; };
		B5B25C571C17F47A00FE8646 /* main.m */ = {isa = PBXFileReference; lastKnownFileType = sourcecode.c.objc; path = main.m; sourceTree = "<group>"; };
		B5B25C591C17F47A00FE8646 /* AppDelegate.h */ = {isa = PBXFileReference; lastKnownFileType = sourcecode.c.h; path = AppDelegate.h; sourceTree = "<group>"; };
		B5B25C5A1C17F47A00FE8646 /* AppDelegate.m */ = {isa = PBXFileReference; lastKnownFileType = sourcecode.c.objc; path = AppDelegate.m; sourceTree = "<group>"; };
		B5B25C5C1C17F47A00FE8646 /* MasterViewController.h */ = {isa = PBXFileReference; lastKnownFileType = sourcecode.c.h; path = MasterViewController.h; sourceTree = "<group>"; };
		B5B25C5D1C17F47A00FE8646 /* MasterViewController.m */ = {isa = PBXFileReference; lastKnownFileType = sourcecode.c.objc; path = MasterViewController.m; sourceTree = "<group>"; };
		B5B25C5F1C17F47A00FE8646 /* DetailViewController.h */ = {isa = PBXFileReference; lastKnownFileType = sourcecode.c.h; path = DetailViewController.h; sourceTree = "<group>"; };
		B5B25C601C17F47A00FE8646 /* DetailViewController.m */ = {isa = PBXFileReference; lastKnownFileType = sourcecode.c.objc; path = DetailViewController.m; sourceTree = "<group>"; };
		B5B25C631C17F47A00FE8646 /* Base */ = {isa = PBXFileReference; lastKnownFileType = file.storyboard; name = Base; path = Base.lproj/Main.storyboard; sourceTree = "<group>"; };
		B5B25C651C17F47A00FE8646 /* Assets.xcassets */ = {isa = PBXFileReference; lastKnownFileType = folder.assetcatalog; path = Assets.xcassets; sourceTree = "<group>"; };
		B5B25C681C17F47A00FE8646 /* Base */ = {isa = PBXFileReference; lastKnownFileType = file.storyboard; name = Base; path = Base.lproj/LaunchScreen.storyboard; sourceTree = "<group>"; };
		B5B25C6A1C17F47A00FE8646 /* Info.plist */ = {isa = PBXFileReference; lastKnownFileType = text.plist.xml; path = Info.plist; sourceTree = "<group>"; };
		B5B25C6F1C17F47A00FE8646 /* iosTests.xctest */ = {isa = PBXFileReference; explicitFileType = wrapper.cfbundle; includeInIndex = 0; path = iosTests.xctest; sourceTree = BUILT_PRODUCTS_DIR; };
		B5B25C731C17F47A00FE8646 /* iosTests.m */ = {isa = PBXFileReference; lastKnownFileType = sourcecode.c.objc; path = iosTests.m; sourceTree = "<group>"; };
		B5B25C751C17F47A00FE8646 /* Info.plist */ = {isa = PBXFileReference; lastKnownFileType = text.plist.xml; path = Info.plist; sourceTree = "<group>"; };
		B5B25C7A1C17F47B00FE8646 /* iosUITests.xctest */ = {isa = PBXFileReference; explicitFileType = wrapper.cfbundle; includeInIndex = 0; path = iosUITests.xctest; sourceTree = BUILT_PRODUCTS_DIR; };
		B5B25C7E1C17F47B00FE8646 /* iosUITests.m */ = {isa = PBXFileReference; lastKnownFileType = sourcecode.c.objc; path = iosUITests.m; sourceTree = "<group>"; };
		B5B25C801C17F47B00FE8646 /* Info.plist */ = {isa = PBXFileReference; lastKnownFileType = text.plist.xml; path = Info.plist; sourceTree = "<group>"; };
		B5B25C8A1C17F49900FE8646 /* SceneKit Scene.scn */ = {isa = PBXFileReference; lastKnownFileType = file.bplist; path = "SceneKit Scene.scn"; sourceTree = "<group>"; };
		B5B25C8C1C17F50A00FE8646 /* MyActions.sks */ = {isa = PBXFileReference; lastKnownFileType = file.sks; path = MyActions.sks; sourceTree = "<group>"; };
/* End PBXFileReference section */

/* Begin PBXFrameworksBuildPhase section */
		B5B25C061C17E8BA00FE8646 /* Frameworks */ = {
			isa = PBXFrameworksBuildPhase;
			buildActionMask = 2147483647;
			files = (
			);
			runOnlyForDeploymentPostprocessing = 0;
		};
		B5B25C1F1C17E8BB00FE8646 /* Frameworks */ = {
			isa = PBXFrameworksBuildPhase;
			buildActionMask = 2147483647;
			files = (
			);
			runOnlyForDeploymentPostprocessing = 0;
		};
		B5B25C2A1C17E8BB00FE8646 /* Frameworks */ = {
			isa = PBXFrameworksBuildPhase;
			buildActionMask = 2147483647;
			files = (
			);
			runOnlyForDeploymentPostprocessing = 0;
		};
		B5B25C511C17F47A00FE8646 /* Frameworks */ = {
			isa = PBXFrameworksBuildPhase;
			buildActionMask = 2147483647;
			files = (
			);
			runOnlyForDeploymentPostprocessing = 0;
		};
		B5B25C6C1C17F47A00FE8646 /* Frameworks */ = {
			isa = PBXFrameworksBuildPhase;
			buildActionMask = 2147483647;
			files = (
			);
			runOnlyForDeploymentPostprocessing = 0;
		};
		B5B25C771C17F47B00FE8646 /* Frameworks */ = {
			isa = PBXFrameworksBuildPhase;
			buildActionMask = 2147483647;
			files = (
			);
			runOnlyForDeploymentPostprocessing = 0;
		};
/* End PBXFrameworksBuildPhase section */

/* Begin PBXGroup section */
		B5B25C001C17E8BA00FE8646 = {
			isa = PBXGroup;
			children = (
				B5B25C8C1C17F50A00FE8646 /* MyActions.sks */,
				B5B25C8A1C17F49900FE8646 /* SceneKit Scene.scn */,
				B5B25C0B1C17E8BA00FE8646 /* iCocos-Git */,
				B5B25C251C17E8BB00FE8646 /* iCocos-GitTests */,
				B5B25C301C17E8BB00FE8646 /* iCocos-GitUITests */,
				B5B25C551C17F47A00FE8646 /* ios */,
				B5B25C721C17F47A00FE8646 /* iosTests */,
				B5B25C7D1C17F47B00FE8646 /* iosUITests */,
				B5B25C0A1C17E8BA00FE8646 /* Products */,
			);
			sourceTree = "<group>";
		};
		B5B25C0A1C17E8BA00FE8646 /* Products */ = {
			isa = PBXGroup;
			children = (
				B5B25C091C17E8BA00FE8646 /* iCocos-Git.app */,
				B5B25C221C17E8BB00FE8646 /* iCocos-GitTests.xctest */,
				B5B25C2D1C17E8BB00FE8646 /* iCocos-GitUITests.xctest */,
				B5B25C541C17F47A00FE8646 /* ios.app */,
				B5B25C6F1C17F47A00FE8646 /* iosTests.xctest */,
				B5B25C7A1C17F47B00FE8646 /* iosUITests.xctest */,
			);
			name = Products;
			sourceTree = "<group>";
		};
		B5B25C0B1C17E8BA00FE8646 /* iCocos-Git */ = {
			isa = PBXGroup;
			children = (
				B5B25C0F1C17E8BA00FE8646 /* AppDelegate.h */,
				B5B25C101C17E8BA00FE8646 /* AppDelegate.m */,
				B5B25C121C17E8BA00FE8646 /* ViewController.h */,
				B5B25C4E1C17F28500FE8646 /* View.xib */,
				B5B25C4C1C17F27900FE8646 /* Settings-Watch.bundle */,
				B5B25C131C17E8BA00FE8646 /* ViewController.m */,
				B5B25C4B1C17F26A00FE8646 /* PrefixHeader.pch */,
				B5B25C491C17F26100FE8646 /* dsa.plist */,
				B5B25C471C17F25800FE8646 /* Storyboard.storyboard */,
				B5B25C441C17F24000FE8646 /* asdfsd.m */,
				B5B25C461C17F24700FE8646 /* asdf.playground */,
				B5B25C421C17F23600FE8646 /* asdfsad.m */,
				B5B25C3F1C17F22D00FE8646 /* asdfsdTableViewController.h */,
				B5B25C401C17F22D00FE8646 /* asdfsdTableViewController.m */,
				B5B25C151C17E8BA00FE8646 /* Main.storyboard */,
				B5B25C181C17E8BA00FE8646 /* Assets.xcassets */,
				B5B25C1A1C17E8BA00FE8646 /* LaunchScreen.storyboard */,
				B5B25C1D1C17E8BA00FE8646 /* Info.plist */,
				B5B25C0C1C17E8BA00FE8646 /* Supporting Files */,
			);
			path = "iCocos-Git";
			sourceTree = "<group>";
		};
		B5B25C0C1C17E8BA00FE8646 /* Supporting Files */ = {
			isa = PBXGroup;
			children = (
				B5B25C0D1C17E8BA00FE8646 /* main.m */,
			);
			name = "Supporting Files";
			sourceTree = "<group>";
		};
		B5B25C251C17E8BB00FE8646 /* iCocos-GitTests */ = {
			isa = PBXGroup;
			children = (
				B5B25C261C17E8BB00FE8646 /* iCocos_GitTests.m */,
				B5B25C281C17E8BB00FE8646 /* Info.plist */,
			);
			path = "iCocos-GitTests";
			sourceTree = "<group>";
		};
		B5B25C301C17E8BB00FE8646 /* iCocos-GitUITests */ = {
			isa = PBXGroup;
			children = (
				B5B25C311C17E8BB00FE8646 /* iCocos_GitUITests.m */,
				B5B25C331C17E8BB00FE8646 /* Info.plist */,
			);
			path = "iCocos-GitUITests";
			sourceTree = "<group>";
		};
		B5B25C551C17F47A00FE8646 /* ios */ = {
			isa = PBXGroup;
			children = (
				B5B25C591C17F47A00FE8646 /* AppDelegate.h */,
				B5B25C5A1C17F47A00FE8646 /* AppDelegate.m */,
				B5B25C5C1C17F47A00FE8646 /* MasterViewController.h */,
				B5B25C5D1C17F47A00FE8646 /* MasterViewController.m */,
				B5B25C5F1C17F47A00FE8646 /* DetailViewController.h */,
				B5B25C601C17F47A00FE8646 /* DetailViewController.m */,
				B5B25C621C17F47A00FE8646 /* Main.storyboard */,
				B5B25C651C17F47A00FE8646 /* Assets.xcassets */,
				B5B25C671C17F47A00FE8646 /* LaunchScreen.storyboard */,
				B5B25C6A1C17F47A00FE8646 /* Info.plist */,
				B5B25C561C17F47A00FE8646 /* Supporting Files */,
			);
			path = ios;
			sourceTree = "<group>";
		};
		B5B25C561C17F47A00FE8646 /* Supporting Files */ = {
			isa = PBXGroup;
			children = (
				B5B25C571C17F47A00FE8646 /* main.m */,
			);
			name = "Supporting Files";
			sourceTree = "<group>";
		};
		B5B25C721C17F47A00FE8646 /* iosTests */ = {
			isa = PBXGroup;
			children = (
				B5B25C731C17F47A00FE8646 /* iosTests.m */,
				B5B25C751C17F47A00FE8646 /* Info.plist */,
			);
			path = iosTests;
			sourceTree = "<group>";
		};
		B5B25C7D1C17F47B00FE8646 /* iosUITests */ = {
			isa = PBXGroup;
			children = (
				B5B25C7E1C17F47B00FE8646 /* iosUITests.m */,
				B5B25C801C17F47B00FE8646 /* Info.plist */,
			);
			path = iosUITests;
			sourceTree = "<group>";
		};
/* End PBXGroup section */

/* Begin PBXNativeTarget section */
		B5B25C081C17E8BA00FE8646 /* iCocos-Git */ = {
			isa = PBXNativeTarget;
			buildConfigurationList = B5B25C361C17E8BB00FE8646 /* Build configuration list for PBXNativeTarget "iCocos-Git" */;
			buildPhases = (
				B5B25C051C17E8BA00FE8646 /* Sources */,
				B5B25C061C17E8BA00FE8646 /* Frameworks */,
				B5B25C071C17E8BA00FE8646 /* Resources */,
			);
			buildRules = (
			);
			dependencies = (
			);
			name = "iCocos-Git";
			productName = "iCocos-Git";
			productReference = B5B25C091C17E8BA00FE8646 /* iCocos-Git.app */;
			productType = "com.apple.product-type.application";
		};
		B5B25C211C17E8BB00FE8646 /* iCocos-GitTests */ = {
			isa = PBXNativeTarget;
			buildConfigurationList = B5B25C391C17E8BB00FE8646 /* Build configuration list for PBXNativeTarget "iCocos-GitTests" */;
			buildPhases = (
				B5B25C1E1C17E8BB00FE8646 /* Sources */,
				B5B25C1F1C17E8BB00FE8646 /* Frameworks */,
				B5B25C201C17E8BB00FE8646 /* Resources */,
			);
			buildRules = (
			);
			dependencies = (
				B5B25C241C17E8BB00FE8646 /* PBXTargetDependency */,
			);
			name = "iCocos-GitTests";
			productName = "iCocos-GitTests";
			productReference = B5B25C221C17E8BB00FE8646 /* iCocos-GitTests.xctest */;
			productType = "com.apple.product-type.bundle.unit-test";
		};
		B5B25C2C1C17E8BB00FE8646 /* iCocos-GitUITests */ = {
			isa = PBXNativeTarget;
			buildConfigurationList = B5B25C3C1C17E8BB00FE8646 /* Build configuration list for PBXNativeTarget "iCocos-GitUITests" */;
			buildPhases = (
				B5B25C291C17E8BB00FE8646 /* Sources */,
				B5B25C2A1C17E8BB00FE8646 /* Frameworks */,
				B5B25C2B1C17E8BB00FE8646 /* Resources */,
			);
			buildRules = (
			);
			dependencies = (
				B5B25C2F1C17E8BB00FE8646 /* PBXTargetDependency */,
			);
			name = "iCocos-GitUITests";
			productName = "iCocos-GitUITests";
			productReference = B5B25C2D1C17E8BB00FE8646 /* iCocos-GitUITests.xctest */;
			productType = "com.apple.product-type.bundle.ui-testing";
		};
		B5B25C531C17F47A00FE8646 /* ios */ = {
			isa = PBXNativeTarget;
			buildConfigurationList = B5B25C871C17F47B00FE8646 /* Build configuration list for PBXNativeTarget "ios" */;
			buildPhases = (
				B5B25C501C17F47A00FE8646 /* Sources */,
				B5B25C511C17F47A00FE8646 /* Frameworks */,
				B5B25C521C17F47A00FE8646 /* Resources */,
			);
			buildRules = (
			);
			dependencies = (
			);
			name = ios;
			productName = ios;
			productReference = B5B25C541C17F47A00FE8646 /* ios.app */;
			productType = "com.apple.product-type.application";
		};
		B5B25C6E1C17F47A00FE8646 /* iosTests */ = {
			isa = PBXNativeTarget;
			buildConfigurationList = B5B25C881C17F47B00FE8646 /* Build configuration list for PBXNativeTarget "iosTests" */;
			buildPhases = (
				B5B25C6B1C17F47A00FE8646 /* Sources */,
				B5B25C6C1C17F47A00FE8646 /* Frameworks */,
				B5B25C6D1C17F47A00FE8646 /* Resources */,
			);
			buildRules = (
			);
			dependencies = (
				B5B25C711C17F47A00FE8646 /* PBXTargetDependency */,
			);
			name = iosTests;
			productName = iosTests;
			productReference = B5B25C6F1C17F47A00FE8646 /* iosTests.xctest */;
			productType = "com.apple.product-type.bundle.unit-test";
		};
		B5B25C791C17F47B00FE8646 /* iosUITests */ = {
			isa = PBXNativeTarget;
			buildConfigurationList = B5B25C891C17F47B00FE8646 /* Build configuration list for PBXNativeTarget "iosUITests" */;
			buildPhases = (
				B5B25C761C17F47B00FE8646 /* Sources */,
				B5B25C771C17F47B00FE8646 /* Frameworks */,
				B5B25C781C17F47B00FE8646 /* Resources */,
			);
			buildRules = (
			);
			dependencies = (
				B5B25C7C1C17F47B00FE8646 /* PBXTargetDependency */,
			);
			name = iosUITests;
			productName = iosUITests;
			productReference = B5B25C7A1C17F47B00FE8646 /* iosUITests.xctest */;
			productType = "com.apple.product-type.bundle.ui-testing";
		};
/* End PBXNativeTarget section */

/* Begin PBXProject section */
		B5B25C011C17E8BA00FE8646 /* Project object */ = {
			isa = PBXProject;
			attributes = {
				LastUpgradeCheck = 0710;
				ORGANIZATIONNAME = caolipeng;
				TargetAttributes = {
					B5B25C081C17E8BA00FE8646 = {
						CreatedOnToolsVersion = 7.1;
					};
					B5B25C211C17E8BB00FE8646 = {
						CreatedOnToolsVersion = 7.1;
						TestTargetID = B5B25C081C17E8BA00FE8646;
					};
					B5B25C2C1C17E8BB00FE8646 = {
						CreatedOnToolsVersion = 7.1;
						TestTargetID = B5B25C081C17E8BA00FE8646;
					};
					B5B25C531C17F47A00FE8646 = {
						CreatedOnToolsVersion = 7.1;
					};
					B5B25C6E1C17F47A00FE8646 = {
						CreatedOnToolsVersion = 7.1;
						TestTargetID = B5B25C531C17F47A00FE8646;
					};
					B5B25C791C17F47B00FE8646 = {
						CreatedOnToolsVersion = 7.1;
						TestTargetID = B5B25C531C17F47A00FE8646;
					};
				};
			};
			buildConfigurationList = B5B25C041C17E8BA00FE8646 /* Build configuration list for PBXProject "iCocos-Git" */;
			compatibilityVersion = "Xcode 3.2";
			developmentRegion = English;
			hasScannedForEncodings = 0;
			knownRegions = (
				en,
				Base,
			);
			mainGroup = B5B25C001C17E8BA00FE8646;
			productRefGroup = B5B25C0A1C17E8BA00FE8646 /* Products */;
			projectDirPath = "";
			projectRoot = "";
			targets = (
				B5B25C081C17E8BA00FE8646 /* iCocos-Git */,
				B5B25C211C17E8BB00FE8646 /* iCocos-GitTests */,
				B5B25C2C1C17E8BB00FE8646 /* iCocos-GitUITests */,
				B5B25C531C17F47A00FE8646 /* ios */,
				B5B25C6E1C17F47A00FE8646 /* iosTests */,
				B5B25C791C17F47B00FE8646 /* iosUITests */,
			);
		};
/* End PBXProject section */

/* Begin PBXResourcesBuildPhase section */
		B5B25C071C17E8BA00FE8646 /* Resources */ = {
			isa = PBXResourcesBuildPhase;
			buildActionMask = 2147483647;
			files = (
				B5B25C8B1C17F49900FE8646 /* SceneKit Scene.scn in Resources */,
				B5B25C4F1C17F28500FE8646 /* View.xib in Resources */,
				B5B25C1C1C17E8BA00FE8646 /* LaunchScreen.storyboard in Resources */,
				B5B25C4A1C17F26100FE8646 /* dsa.plist in Resources */,
				B5B25C8D1C17F50A00FE8646 /* MyActions.sks in Resources */,
				B5B25C4D1C17F27900FE8646 /* Settings-Watch.bundle in Resources */,
				B5B25C481C17F25800FE8646 /* Storyboard.storyboard in Resources */,
				B5B25C191C17E8BA00FE8646 /* Assets.xcassets in Resources */,
				B5B25C171C17E8BA00FE8646 /* Main.storyboard in Resources */,
			);
			runOnlyForDeploymentPostprocessing = 0;
		};
		B5B25C201C17E8BB00FE8646 /* Resources */ = {
			isa = PBXResourcesBuildPhase;
			buildActionMask = 2147483647;
			files = (
			);
			runOnlyForDeploymentPostprocessing = 0;
		};
		B5B25C2B1C17E8BB00FE8646 /* Resources */ = {
			isa = PBXResourcesBuildPhase;
			buildActionMask = 2147483647;
			files = (
			);
			runOnlyForDeploymentPostprocessing = 0;
		};
		B5B25C521C17F47A00FE8646 /* Resources */ = {
			isa = PBXResourcesBuildPhase;
			buildActionMask = 2147483647;
			files = (
				B5B25C691C17F47A00FE8646 /* LaunchScreen.storyboard in Resources */,
				B5B25C661C17F47A00FE8646 /* Assets.xcassets in Resources */,
				B5B25C641C17F47A00FE8646 /* Main.storyboard in Resources */,
			);
			runOnlyForDeploymentPostprocessing = 0;
		};
		B5B25C6D1C17F47A00FE8646 /* Resources */ = {
			isa = PBXResourcesBuildPhase;
			buildActionMask = 2147483647;
			files = (
			);
			runOnlyForDeploymentPostprocessing = 0;
		};
		B5B25C781C17F47B00FE8646 /* Resources */ = {
			isa = PBXResourcesBuildPhase;
			buildActionMask = 2147483647;
			files = (
			);
			runOnlyForDeploymentPostprocessing = 0;
		};
/* End PBXResourcesBuildPhase section */

/* Begin PBXSourcesBuildPhase section */
		B5B25C051C17E8BA00FE8646 /* Sources */ = {
			isa = PBXSourcesBuildPhase;
			buildActionMask = 2147483647;
			files = (
				B5B25C141C17E8BA00FE8646 /* ViewController.m in Sources */,
				B5B25C111C17E8BA00FE8646 /* AppDelegate.m in Sources */,
				B5B25C411C17F22D00FE8646 /* asdfsdTableViewController.m in Sources */,
				B5B25C0E1C17E8BA00FE8646 /* main.m in Sources */,
			);
			runOnlyForDeploymentPostprocessing = 0;
		};
		B5B25C1E1C17E8BB00FE8646 /* Sources */ = {
			isa = PBXSourcesBuildPhase;
			buildActionMask = 2147483647;
			files = (
				B5B25C431C17F23600FE8646 /* asdfsad.m in Sources */,
				B5B25C451C17F24000FE8646 /* asdfsd.m in Sources */,
				B5B25C271C17E8BB00FE8646 /* iCocos_GitTests.m in Sources */,
			);
			runOnlyForDeploymentPostprocessing = 0;
		};
		B5B25C291C17E8BB00FE8646 /* Sources */ = {
			isa = PBXSourcesBuildPhase;
			buildActionMask = 2147483647;
			files = (
				B5B25C321C17E8BB00FE8646 /* iCocos_GitUITests.m in Sources */,
			);
			runOnlyForDeploymentPostprocessing = 0;
		};
		B5B25C501C17F47A00FE8646 /* Sources */ = {
			isa = PBXSourcesBuildPhase;
			buildActionMask = 2147483647;
			files = (
				B5B25C5B1C17F47A00FE8646 /* AppDelegate.m in Sources */,
				B5B25C5E1C17F47A00FE8646 /* MasterViewController.m in Sources */,
				B5B25C581C17F47A00FE8646 /* main.m in Sources */,
				B5B25C611C17F47A00FE8646 /* DetailViewController.m in Sources */,
			);
			runOnlyForDeploymentPostprocessing = 0;
		};
		B5B25C6B1C17F47A00FE8646 /* Sources */ = {
			isa = PBXSourcesBuildPhase;
			buildActionMask = 2147483647;
			files = (
				B5B25C741C17F47A00FE8646 /* iosTests.m in Sources */,
			);
			runOnlyForDeploymentPostprocessing = 0;
		};
		B5B25C761C17F47B00FE8646 /* Sources */ = {
			isa = PBXSourcesBuildPhase;
			buildActionMask = 2147483647;
			files = (
				B5B25C7F1C17F47B00FE8646 /* iosUITests.m in Sources */,
			);
			runOnlyForDeploymentPostprocessing = 0;
		};
/* End PBXSourcesBuildPhase section */

/* Begin PBXTargetDependency section */
		B5B25C241C17E8BB00FE8646 /* PBXTargetDependency */ = {
			isa = PBXTargetDependency;
			target = B5B25C081C17E8BA00FE8646 /* iCocos-Git */;
			targetProxy = B5B25C231C17E8BB00FE8646 /* PBXContainerItemProxy */;
		};
		B5B25C2F1C17E8BB00FE8646 /* PBXTargetDependency */ = {
			isa = PBXTargetDependency;
			target = B5B25C081C17E8BA00FE8646 /* iCocos-Git */;
			targetProxy = B5B25C2E1C17E8BB00FE8646 /* PBXContainerItemProxy */;
		};
		B5B25C711C17F47A00FE8646 /* PBXTargetDependency */ = {
			isa = PBXTargetDependency;
			target = B5B25C531C17F47A00FE8646 /* ios */;
			targetProxy = B5B25C701C17F47A00FE8646 /* PBXContainerItemProxy */;
		};
		B5B25C7C1C17F47B00FE8646 /* PBXTargetDependency */ = {
			isa = PBXTargetDependency;
			target = B5B25C531C17F47A00FE8646 /* ios */;
			targetProxy = B5B25C7B1C17F47B00FE8646 /* PBXContainerItemProxy */;
		};
/* End PBXTargetDependency section */

/* Begin PBXVariantGroup section */
		B5B25C151C17E8BA00FE8646 /* Main.storyboard */ = {
			isa = PBXVariantGroup;
			children = (
				B5B25C161C17E8BA00FE8646 /* Base */,
			);
			name = Main.storyboard;
			sourceTree = "<group>";
		};
		B5B25C1A1C17E8BA00FE8646 /* LaunchScreen.storyboard */ = {
			isa = PBXVariantGroup;
			children = (
				B5B25C1B1C17E8BA00FE8646 /* Base */,
			);
			name = LaunchScreen.storyboard;
			sourceTree = "<group>";
		};
		B5B25C621C17F47A00FE8646 /* Main.storyboard */ = {
			isa = PBXVariantGroup;
			children = (
				B5B25C631C17F47A00FE8646 /* Base */,
			);
			name = Main.storyboard;
			sourceTree = "<group>";
		};
		B5B25C671C17F47A00FE8646 /* LaunchScreen.storyboard */ = {
			isa = PBXVariantGroup;
			children = (
				B5B25C681C17F47A00FE8646 /* Base */,
			);
			name = LaunchScreen.storyboard;
			sourceTree = "<group>";
		};
/* End PBXVariantGroup section */

/* Begin XCBuildConfiguration section */
		B5B25C341C17E8BB00FE8646 /* Debug */ = {
			isa = XCBuildConfiguration;
			buildSettings = {
				ALWAYS_SEARCH_USER_PATHS = NO;
				CLANG_CXX_LANGUAGE_STANDARD = "gnu++0x";
				CLANG_CXX_LIBRARY = "libc++";
				CLANG_ENABLE_MODULES = YES;
				CLANG_ENABLE_OBJC_ARC = YES;
				CLANG_WARN_BOOL_CONVERSION = YES;
				CLANG_WARN_CONSTANT_CONVERSION = YES;
				CLANG_WARN_DIRECT_OBJC_ISA_USAGE = YES_ERROR;
				CLANG_WARN_EMPTY_BODY = YES;
				CLANG_WARN_ENUM_CONVERSION = YES;
				CLANG_WARN_INT_CONVERSION = YES;
				CLANG_WARN_OBJC_ROOT_CLASS = YES_ERROR;
				CLANG_WARN_UNREACHABLE_CODE = YES;
				CLANG_WARN__DUPLICATE_METHOD_MATCH = YES;
				"CODE_SIGN_IDENTITY[sdk=iphoneos*]" = "iPhone Developer";
				COPY_PHASE_STRIP = NO;
				DEBUG_INFORMATION_FORMAT = dwarf;
				ENABLE_STRICT_OBJC_MSGSEND = YES;
				ENABLE_TESTABILITY = YES;
				GCC_C_LANGUAGE_STANDARD = gnu99;
				GCC_DYNAMIC_NO_PIC = NO;
				GCC_NO_COMMON_BLOCKS = YES;
				GCC_OPTIMIZATION_LEVEL = 0;
				GCC_PREPROCESSOR_DEFINITIONS = (
					"DEBUG=1",
					"$(inherited)",
				);
				GCC_WARN_64_TO_32_BIT_CONVERSION = YES;
				GCC_WARN_ABOUT_RETURN_TYPE = YES_ERROR;
				GCC_WARN_UNDECLARED_SELECTOR = YES;
				GCC_WARN_UNINITIALIZED_AUTOS = YES_AGGRESSIVE;
				GCC_WARN_UNUSED_FUNCTION = YES;
				GCC_WARN_UNUSED_VARIABLE = YES;
				IPHONEOS_DEPLOYMENT_TARGET = 9.0;
				MTL_ENABLE_DEBUG_INFO = YES;
				ONLY_ACTIVE_ARCH = YES;
				SDKROOT = iphoneos;
				TARGETED_DEVICE_FAMILY = "1,2";
			};
			name = Debug;
		};
		B5B25C351C17E8BB00FE8646 /* Release */ = {
			isa = XCBuildConfiguration;
			buildSettings = {
				ALWAYS_SEARCH_USER_PATHS = NO;
				CLANG_CXX_LANGUAGE_STANDARD = "gnu++0x";
				CLANG_CXX_LIBRARY = "libc++";
				CLANG_ENABLE_MODULES = YES;
				CLANG_ENABLE_OBJC_ARC = YES;
				CLANG_WARN_BOOL_CONVERSION = YES;
				CLANG_WARN_CONSTANT_CONVERSION = YES;
				CLANG_WARN_DIRECT_OBJC_ISA_USAGE = YES_ERROR;
				CLANG_WARN_EMPTY_BODY = YES;
				CLANG_WARN_ENUM_CONVERSION = YES;
				CLANG_WARN_INT_CONVERSION = YES;
				CLANG_WARN_OBJC_ROOT_CLASS = YES_ERROR;
				CLANG_WARN_UNREACHABLE_CODE = YES;
				CLANG_WARN__DUPLICATE_METHOD_MATCH = YES;
				"CODE_SIGN_IDENTITY[sdk=iphoneos*]" = "iPhone Developer";
				COPY_PHASE_STRIP = NO;
				DEBUG_INFORMATION_FORMAT = "dwarf-with-dsym";
				ENABLE_NS_ASSERTIONS = NO;
				ENABLE_STRICT_OBJC_MSGSEND = YES;
				GCC_C_LANGUAGE_STANDARD = gnu99;
				GCC_NO_COMMON_BLOCKS = YES;
				GCC_WARN_64_TO_32_BIT_CONVERSION = YES;
				GCC_WARN_ABOUT_RETURN_TYPE = YES_ERROR;
				GCC_WARN_UNDECLARED_SELECTOR = YES;
				GCC_WARN_UNINITIALIZED_AUTOS = YES_AGGRESSIVE;
				GCC_WARN_UNUSED_FUNCTION = YES;
				GCC_WARN_UNUSED_VARIABLE = YES;
				IPHONEOS_DEPLOYMENT_TARGET = 9.0;
				MTL_ENABLE_DEBUG_INFO = NO;
				SDKROOT = iphoneos;
				TARGETED_DEVICE_FAMILY = "1,2";
				VALIDATE_PRODUCT = YES;
			};
			name = Release;
		};
		B5B25C371C17E8BB00FE8646 /* Debug */ = {
			isa = XCBuildConfiguration;
			buildSettings = {
				ASSETCATALOG_COMPILER_APPICON_NAME = AppIcon;
				INFOPLIST_FILE = "iCocos-Git/Info.plist";
				LD_RUNPATH_SEARCH_PATHS = "$(inherited) @executable_path/Frameworks";
				PRODUCT_BUNDLE_IDENTIFIER = "iCocos.iCocos-Git";
				PRODUCT_NAME = "$(TARGET_NAME)";
			};
			name = Debug;
		};
		B5B25C381C17E8BB00FE8646 /* Release */ = {
			isa = XCBuildConfiguration;
			buildSettings = {
				ASSETCATALOG_COMPILER_APPICON_NAME = AppIcon;
				INFOPLIST_FILE = "iCocos-Git/Info.plist";
				LD_RUNPATH_SEARCH_PATHS = "$(inherited) @executable_path/Frameworks";
				PRODUCT_BUNDLE_IDENTIFIER = "iCocos.iCocos-Git";
				PRODUCT_NAME = "$(TARGET_NAME)";
			};
			name = Release;
		};
		B5B25C3A1C17E8BB00FE8646 /* Debug */ = {
			isa = XCBuildConfiguration;
			buildSettings = {
				BUNDLE_LOADER = "$(TEST_HOST)";
				INFOPLIST_FILE = "iCocos-GitTests/Info.plist";
				LD_RUNPATH_SEARCH_PATHS = "$(inherited) @executable_path/Frameworks @loader_path/Frameworks";
				PRODUCT_BUNDLE_IDENTIFIER = "iCocos.iCocos-GitTests";
				PRODUCT_NAME = "$(TARGET_NAME)";
				TEST_HOST = "$(BUILT_PRODUCTS_DIR)/iCocos-Git.app/iCocos-Git";
			};
			name = Debug;
		};
		B5B25C3B1C17E8BB00FE8646 /* Release */ = {
			isa = XCBuildConfiguration;
			buildSettings = {
				BUNDLE_LOADER = "$(TEST_HOST)";
				INFOPLIST_FILE = "iCocos-GitTests/Info.plist";
				LD_RUNPATH_SEARCH_PATHS = "$(inherited) @executable_path/Frameworks @loader_path/Frameworks";
				PRODUCT_BUNDLE_IDENTIFIER = "iCocos.iCocos-GitTests";
				PRODUCT_NAME = "$(TARGET_NAME)";
				TEST_HOST = "$(BUILT_PRODUCTS_DIR)/iCocos-Git.app/iCocos-Git";
			};
			name = Release;
		};
		B5B25C3D1C17E8BB00FE8646 /* Debug */ = {
			isa = XCBuildConfiguration;
			buildSettings = {
				INFOPLIST_FILE = "iCocos-GitUITests/Info.plist";
				LD_RUNPATH_SEARCH_PATHS = "$(inherited) @executable_path/Frameworks @loader_path/Frameworks";
				PRODUCT_BUNDLE_IDENTIFIER = "iCocos.iCocos-GitUITests";
				PRODUCT_NAME = "$(TARGET_NAME)";
				TEST_TARGET_NAME = "iCocos-Git";
				USES_XCTRUNNER = YES;
			};
			name = Debug;
		};
		B5B25C3E1C17E8BB00FE8646 /* Release */ = {
			isa = XCBuildConfiguration;
			buildSettings = {
				INFOPLIST_FILE = "iCocos-GitUITests/Info.plist";
				LD_RUNPATH_SEARCH_PATHS = "$(inherited) @executable_path/Frameworks @loader_path/Frameworks";
				PRODUCT_BUNDLE_IDENTIFIER = "iCocos.iCocos-GitUITests";
				PRODUCT_NAME = "$(TARGET_NAME)";
				TEST_TARGET_NAME = "iCocos-Git";
				USES_XCTRUNNER = YES;
			};
			name = Release;
		};
		B5B25C811C17F47B00FE8646 /* Debug */ = {
			isa = XCBuildConfiguration;
			buildSettings = {
				ASSETCATALOG_COMPILER_APPICON_NAME = AppIcon;
				INFOPLIST_FILE = ios/Info.plist;
				LD_RUNPATH_SEARCH_PATHS = "$(inherited) @executable_path/Frameworks";
				PRODUCT_BUNDLE_IDENTIFIER = iCocos.ios;
				PRODUCT_NAME = "$(TARGET_NAME)";
			};
			name = Debug;
		};
		B5B25C821C17F47B00FE8646 /* Release */ = {
			isa = XCBuildConfiguration;
			buildSettings = {
				ASSETCATALOG_COMPILER_APPICON_NAME = AppIcon;
				INFOPLIST_FILE = ios/Info.plist;
				LD_RUNPATH_SEARCH_PATHS = "$(inherited) @executable_path/Frameworks";
				PRODUCT_BUNDLE_IDENTIFIER = iCocos.ios;
				PRODUCT_NAME = "$(TARGET_NAME)";
			};
			name = Release;
		};
		B5B25C831C17F47B00FE8646 /* Debug */ = {
			isa = XCBuildConfiguration;
			buildSettings = {
				BUNDLE_LOADER = "$(TEST_HOST)";
				INFOPLIST_FILE = iosTests/Info.plist;
				LD_RUNPATH_SEARCH_PATHS = "$(inherited) @executable_path/Frameworks @loader_path/Frameworks";
				PRODUCT_BUNDLE_IDENTIFIER = iCocos.iosTests;
				PRODUCT_NAME = "$(TARGET_NAME)";
				TEST_HOST = "$(BUILT_PRODUCTS_DIR)/ios.app/ios";
			};
			name = Debug;
		};
		B5B25C841C17F47B00FE8646 /* Release */ = {
			isa = XCBuildConfiguration;
			buildSettings = {
				BUNDLE_LOADER = "$(TEST_HOST)";
				INFOPLIST_FILE = iosTests/Info.plist;
				LD_RUNPATH_SEARCH_PATHS = "$(inherited) @executable_path/Frameworks @loader_path/Frameworks";
				PRODUCT_BUNDLE_IDENTIFIER = iCocos.iosTests;
				PRODUCT_NAME = "$(TARGET_NAME)";
				TEST_HOST = "$(BUILT_PRODUCTS_DIR)/ios.app/ios";
			};
			name = Release;
		};
		B5B25C851C17F47B00FE8646 /* Debug */ = {
			isa = XCBuildConfiguration;
			buildSettings = {
				INFOPLIST_FILE = iosUITests/Info.plist;
				LD_RUNPATH_SEARCH_PATHS = "$(inherited) @executable_path/Frameworks @loader_path/Frameworks";
				PRODUCT_BUNDLE_IDENTIFIER = iCocos.iosUITests;
				PRODUCT_NAME = "$(TARGET_NAME)";
				TEST_TARGET_NAME = ios;
				USES_XCTRUNNER = YES;
			};
			name = Debug;
		};
		B5B25C861C17F47B00FE8646 /* Release */ = {
			isa = XCBuildConfiguration;
			buildSettings = {
				INFOPLIST_FILE = iosUITests/Info.plist;
				LD_RUNPATH_SEARCH_PATHS = "$(inherited) @executable_path/Frameworks @loader_path/Frameworks";
				PRODUCT_BUNDLE_IDENTIFIER = iCocos.iosUITests;
				PRODUCT_NAME = "$(TARGET_NAME)";
				TEST_TARGET_NAME = ios;
				USES_XCTRUNNER = YES;
			};
			name = Release;
		};
/* End XCBuildConfiguration section */

/* Begin XCConfigurationList section */
		B5B25C041C17E8BA00FE8646 /* Build configuration list for PBXProject "iCocos-Git" */ = {
			isa = XCConfigurationList;
			buildConfigurations = (
				B5B25C341C17E8BB00FE8646 /* Debug */,
				B5B25C351C17E8BB00FE8646 /* Release */,
			);
			defaultConfigurationIsVisible = 0;
			defaultConfigurationName = Release;
		};
		B5B25C361C17E8BB00FE8646 /* Build configuration list for PBXNativeTarget "iCocos-Git" */ = {
			isa = XCConfigurationList;
			buildConfigurations = (
				B5B25C371C17E8BB00FE8646 /* Debug */,
				B5B25C381C17E8BB00FE8646 /* Release */,
			);
			defaultConfigurationIsVisible = 0;
			defaultConfigurationName = Release;
		};
		B5B25C391C17E8BB00FE8646 /* Build configuration list for PBXNativeTarget "iCocos-GitTests" */ = {
			isa = XCConfigurationList;
			buildConfigurations = (
				B5B25C3A1C17E8BB00FE8646 /* Debug */,
				B5B25C3B1C17E8BB00FE8646 /* Release */,
			);
			defaultConfigurationIsVisible = 0;
			defaultConfigurationName = Release;
		};
		B5B25C3C1C17E8BB00FE8646 /* Build configuration list for PBXNativeTarget "iCocos-GitUITests" */ = {
			isa = XCConfigurationList;
			buildConfigurations = (
				B5B25C3D1C17E8BB00FE8646 /* Debug */,
				B5B25C3E1C17E8BB00FE8646 /* Release */,
			);
			defaultConfigurationIsVisible = 0;
			defaultConfigurationName = Release;
		};
		B5B25C871C17F47B00FE8646 /* Build configuration list for PBXNativeTarget "ios" */ = {
			isa = XCConfigurationList;
			buildConfigurations = (
				B5B25C811C17F47B00FE8646 /* Debug */,
				B5B25C821C17F47B00FE8646 /* Release */,
			);
			defaultConfigurationIsVisible = 0;
			defaultConfigurationName = Release;
		};
		B5B25C881C17F47B00FE8646 /* Build configuration list for PBXNativeTarget "iosTests" */ = {
			isa = XCConfigurationList;
			buildConfigurations = (
				B5B25C831C17F47B00FE8646 /* Debug */,
				B5B25C841C17F47B00FE8646 /* Release */,
			);
			defaultConfigurationIsVisible = 0;
			defaultConfigurationName = Release;
		};
		B5B25C891C17F47B00FE8646 /* Build configuration list for PBXNativeTarget "iosUITests" */ = {
			isa = XCConfigurationList;
			buildConfigurations = (
				B5B25C851C17F47B00FE8646 /* Debug */,
				B5B25C861C17F47B00FE8646 /* Release */,
			);
			defaultConfigurationIsVisible = 0;
			defaultConfigurationName = Release;
		};
/* End XCConfigurationList section */
	};
	rootObject = B5B25C011C17E8BA00FE8646 /* Project object */;
}
